
Microsoft Visual Studio Solution File, Format Version 12.00
# Visual Studio Version 16
VisualStudioVersion = 16.0.29806.167
MinimumVisualStudioVersion = 10.0.40219.1
Project("{9A19103F-16F7-4668-BE54-9A1E7A4F7556}") = "IdeaApp", "IdeaApp.csproj", "{4293416F-5EF2-4689-AB9E-068E84093EA2}"
EndProject
Project("{FAE04EC0-301F-11D3-BF4B-00C04F79EFBC}") = "IdeaApp.Data", "IdeaApp.Data\IdeaApp.Data.csproj", "{1B77DEF6-AB66-45B9-A69E-B8E9A26F5ECF}"
EndProject
Project("{FAE04EC0-301F-11D3-BF4B-00C04F79EFBC}") = "IdeaApp.Service", "IdeaApp.Service\IdeaApp.Service.csproj", "{B3116D60-B4CC-405E-A519-56D42BA056F0}"
EndProject
Project("{FAE04EC0-301F-11D3-BF4B-00C04F79EFBC}") = "IdeaApp.Core", "IdeaApp.Core\IdeaApp.Core.csproj", "{8E0F7AA1-2B8D-450A-8355-96B81D05431B}"
EndProject
Global
	GlobalSection(SolutionConfigurationPlatforms) = preSolution
		Debug|Any CPU = Debug|Any CPU
		Release|Any CPU = Release|Any CPU
	EndGlobalSection
	GlobalSection(ProjectConfigurationPlatforms) = postSolution
		{4293416F-5EF2-4689-AB9E-068E84093EA2}.Debug|Any CPU.ActiveCfg = Debug|Any CPU
		{4293416F-5EF2-4689-AB9E-068E84093EA2}.Debug|Any CPU.Build.0 = Debug|Any CPU
		{4293416F-5EF2-4689-AB9E-068E84093EA2}.Release|Any CPU.ActiveCfg = Release|Any CPU
		{4293416F-5EF2-4689-AB9E-068E84093EA2}.Release|Any CPU.Build.0 = Release|Any CPU
		{1B77DEF6-AB66-45B9-A69E-B8E9A26F5ECF}.Debug|Any CPU.ActiveCfg = Debug|Any CPU
		{1B77DEF6-AB66-45B9-A69E-B8E9A26F5ECF}.Debug|Any CPU.Build.0 = Debug|Any CPU
		{1B77DEF6-AB66-45B9-A69E-B8E9A26F5ECF}.Release|Any CPU.ActiveCfg = Release|Any CPU
		{1B77DEF6-AB66-45B9-A69E-B8E9A26F5ECF}.Release|Any CPU.Build.0 = Release|Any CPU
		{B3116D60-B4CC-405E-A519-56D42BA056F0}.Debug|Any CPU.ActiveCfg = Debug|Any CPU
		{B3116D60-B4CC-405E-A519-56D42BA056F0}.Debug|Any CPU.Build.0 = Debug|Any CPU
		{B3116D60-B4CC-405E-A519-56D42BA056F0}.Release|Any CPU.ActiveCfg = Release|Any CPU
		{B3116D60-B4CC-405E-A519-56D42BA056F0}.Release|Any CPU.Build.0 = Release|Any CPU
		{8E0F7AA1-2B8D-450A-8355-96B81D05431B}.Debug|Any CPU.ActiveCfg = Debug|Any CPU
		{8E0F7AA1-2B8D-450A-8355-96B81D05431B}.Debug|Any CPU.Build.0 = Debug|Any CPU
		{8E0F7AA1-2B8D-450A-8355-96B81D05431B}.Release|Any CPU.ActiveCfg = Release|Any CPU
		{8E0F7AA1-2B8D-450A-8355-96B81D05431B}.Release|Any CPU.Build.0 = Release|Any CPU
	EndGlobalSection
	GlobalSection(SolutionProperties) = preSolution
		HideSolutionNode = FALSE
	EndGlobalSection
	GlobalSection(ExtensibilityGlobals) = postSolution
		SolutionGuid = {C9C60F46-BE26-47E9-AA7A-632DA1CEF605}
	EndGlobalSection
EndGlobal
